
Microsoft Visual Studio Solution File, Format Version 12.00
Project("{FAE04EC0-301F-11D3-BF4B-00C04F79EFBC}") = "TelegramBot", "TelegramBot\TelegramBot.csproj", "{DE9670C6-C995-492E-B31A-D5F2EE6939F1}"
EndProject
Global
	GlobalSection(SolutionConfigurationPlatforms) = preSolution
		Debug|Any CPU = Debug|Any CPU
		Release|Any CPU = Release|Any CPU
	EndGlobalSection
	GlobalSection(ProjectConfigurationPlatforms) = postSolution
		{DE9670C6-C995-492E-B31A-D5F2EE6939F1}.Debug|Any CPU.ActiveCfg = Debug|Any CPU
		{DE9670C6-C995-492E-B31A-D5F2EE6939F1}.Debug|Any CPU.Build.0 = Debug|Any CPU
		{DE9670C6-C995-492E-B31A-D5F2EE6939F1}.Release|Any CPU.ActiveCfg = Release|Any CPU
		{DE9670C6-C995-492E-B31A-D5F2EE6939F1}.Release|Any CPU.Build.0 = Release|Any CPU
	EndGlobalSection
EndGlobal
